{
  "name": "front-end",
  "lockfileVersion": 3,
  "requires": true,
  "packages": {
    "": {
      "dependencies": {
        "flask": "^0.2.10",
        "pika": "^0.0.1-security"
      }
    },
    "node_modules/flask": {
      "version": "0.2.10",
      "resolved": "https://registry.npmjs.org/flask/-/flask-0.2.10.tgz",
      "integrity": "sha512-Zy69KIuFsoX0o2W5uDHHk1GHMwRT8QT0AboPQY7b1soCfJ2pfwKxHF2AGVwJmDUjzawgOavoY/UsXnZ7fk3lVQ==",
      "license": "MIT"
    },
    "node_modules/pika": {
      "version": "0.0.1-security",
      "resolved": "https://registry.npmjs.org/pika/-/pika-0.0.1-security.tgz",
      "integrity": "sha512-9JHGhKirSAnyJvAoF4/nwE0HkQQmGznZgNSWo+Yc8qqW+K9IvTy+H4wn2r17A+KHsABoVl3OXsKlKnKWZqCJ3Q=="
    }
  }
}
